
Microsoft Visual Studio Solution File, Format Version 12.00
# Visual Studio 14
VisualStudioVersion = 14.0.24720.0
MinimumVisualStudioVersion = 10.0.40219.1
Project("{FAE04EC0-301F-11D3-BF4B-00C04F79EFBC}") = "Adventure.EFCodeFirst", "Adventure.EFCodeFirst\Adventure.EFCodeFirst.csproj", "{2E4D0538-6424-466E-B74F-3DB6641C9CBD}"
EndProject
Project("{FAE04EC0-301F-11D3-BF4B-00C04F79EFBC}") = "Adventure.WebAPI", "Adventure.WebAPI\Adventure.WebAPI.csproj", "{00A64CDD-E7AC-44C4-A269-D7F9FCEAA1A0}"
EndProject
Project("{FAE04EC0-301F-11D3-BF4B-00C04F79EFBC}") = "Adventure.Web", "Adventure.Web\Adventure.Web.csproj", "{2302D30B-5F34-4957-A94D-757B6F069C59}"
EndProject
Global
	GlobalSection(SolutionConfigurationPlatforms) = preSolution
		Debug|Any CPU = Debug|Any CPU
		Release|Any CPU = Release|Any CPU
	EndGlobalSection
	GlobalSection(ProjectConfigurationPlatforms) = postSolution
		{2E4D0538-6424-466E-B74F-3DB6641C9CBD}.Debug|Any CPU.ActiveCfg = Debug|Any CPU
		{2E4D0538-6424-466E-B74F-3DB6641C9CBD}.Debug|Any CPU.Build.0 = Debug|Any CPU
		{2E4D0538-6424-466E-B74F-3DB6641C9CBD}.Release|Any CPU.ActiveCfg = Release|Any CPU
		{2E4D0538-6424-466E-B74F-3DB6641C9CBD}.Release|Any CPU.Build.0 = Release|Any CPU
		{00A64CDD-E7AC-44C4-A269-D7F9FCEAA1A0}.Debug|Any CPU.ActiveCfg = Debug|Any CPU
		{00A64CDD-E7AC-44C4-A269-D7F9FCEAA1A0}.Debug|Any CPU.Build.0 = Debug|Any CPU
		{00A64CDD-E7AC-44C4-A269-D7F9FCEAA1A0}.Release|Any CPU.ActiveCfg = Release|Any CPU
		{00A64CDD-E7AC-44C4-A269-D7F9FCEAA1A0}.Release|Any CPU.Build.0 = Release|Any CPU
		{2302D30B-5F34-4957-A94D-757B6F069C59}.Debug|Any CPU.ActiveCfg = Debug|Any CPU
		{2302D30B-5F34-4957-A94D-757B6F069C59}.Debug|Any CPU.Build.0 = Debug|Any CPU
		{2302D30B-5F34-4957-A94D-757B6F069C59}.Release|Any CPU.ActiveCfg = Release|Any CPU
		{2302D30B-5F34-4957-A94D-757B6F069C59}.Release|Any CPU.Build.0 = Release|Any CPU
	EndGlobalSection
	GlobalSection(SolutionProperties) = preSolution
		HideSolutionNode = FALSE
	EndGlobalSection
EndGlobal
